
Microsoft Visual Studio Solution File, Format Version 12.00
# Visual Studio Version 17
VisualStudioVersion = 17.7.34003.232
MinimumVisualStudioVersion = 10.0.40219.1
Project("{9A19103F-16F7-4668-BE54-9A1E7A4F7556}") = "CON_DreischichtArchitektur_ORM_JSON", "CON_DreischichtArchitektur_ORM_JSON\CON_DreischichtArchitektur_ORM_JSON.csproj", "{F2B5F4DE-1F5E-43BE-950F-9F2300FD290B}"
EndProject
Global
	GlobalSection(SolutionConfigurationPlatforms) = preSolution
		Debug|Any CPU = Debug|Any CPU
		Release|Any CPU = Release|Any CPU
	EndGlobalSection
	GlobalSection(ProjectConfigurationPlatforms) = postSolution
		{F2B5F4DE-1F5E-43BE-950F-9F2300FD290B}.Debug|Any CPU.ActiveCfg = Debug|Any CPU
		{F2B5F4DE-1F5E-43BE-950F-9F2300FD290B}.Debug|Any CPU.Build.0 = Debug|Any CPU
		{F2B5F4DE-1F5E-43BE-950F-9F2300FD290B}.Release|Any CPU.ActiveCfg = Release|Any CPU
		{F2B5F4DE-1F5E-43BE-950F-9F2300FD290B}.Release|Any CPU.Build.0 = Release|Any CPU
	EndGlobalSection
	GlobalSection(SolutionProperties) = preSolution
		HideSolutionNode = FALSE
	EndGlobalSection
	GlobalSection(ExtensibilityGlobals) = postSolution
		SolutionGuid = {1726BC5F-D923-4AE5-BF5F-AB7422E8FA64}
	EndGlobalSection
EndGlobal
